<?xml version="1.0" encoding="utf-8"?>
<Project ToolsVersion="18.0" xmlns="http://schemas.microsoft.com/developer/msbuild/2003">
  <ItemGroup>
    <ClCompile Include="C:\CLOUDPROJECT\CLOUDENGINE\src\test_jolt_minimal.cpp">
      <Filter>Source Files</Filter>
    </ClCompile>
  </ItemGroup>
  <ItemGroup>
    <CustomBuild Include="C:\CLOUDPROJECT\CLOUDENGINE\CMakeLists.txt" />
  </ItemGroup>
  <ItemGroup>
    <Filter Include="Source Files">
      <UniqueIdentifier>{CC20039C-3516-3B40-84FF-585235161B5A}</UniqueIdentifier>
    </Filter>
  </ItemGroup>
</Project>
