<?xml version="1.0" encoding="utf-8"?>
<Project ToolsVersion="18.0" xmlns="http://schemas.microsoft.com/developer/msbuild/2003">
  <ItemGroup>
    <CustomBuild Include="C:\CLOUDPROJECT\CLOUDENGINE\build_test\CMakeFiles\068f5e38d00b6f32b11eed5146c6c4a7\update_mappings.rule">
      <Filter>CMake Rules</Filter>
    </CustomBuild>
    <CustomBuild Include="C:\CLOUDPROJECT\CLOUDENGINE\libs\glfw\src\CMakeLists.txt" />
  </ItemGroup>
  <ItemGroup>
    <None Include="C:\CLOUDPROJECT\CLOUDENGINE\libs\glfw\src\mappings.h.in">
      <Filter>Header Files</Filter>
    </None>
    <None Include="C:\CLOUDPROJECT\CLOUDENGINE\libs\glfw\CMake\GenerateMappings.cmake" />
    <None Include="C:\CLOUDPROJECT\CLOUDENGINE\build_test\libs\glfw\src\CMakeFiles\update_mappings" />
  </ItemGroup>
  <ItemGroup>
    <Filter Include="CMake Rules">
      <UniqueIdentifier>{2A6DD9A7-C560-3308-8CC1-A868F9E3129E}</UniqueIdentifier>
    </Filter>
    <Filter Include="Header Files">
      <UniqueIdentifier>{E9D68EEB-5F7F-3E07-BEB0-3B4E4796C98D}</UniqueIdentifier>
    </Filter>
  </ItemGroup>
</Project>
